
Microsoft Visual Studio Solution File, Format Version 12.00
# Visual Studio Version 17
VisualStudioVersion = 17.8.34330.188
MinimumVisualStudioVersion = 10.0.40219.1
Project("{2150E333-8FDC-42A3-9474-1A3956D46DE8}") = "Src", "Src", "{CEA4A68C-174E-4325-A947-9E264D48C32A}"
EndProject
Project("{9A19103F-16F7-4668-BE54-9A1E7A4F7556}") = "Sample.MongoDb.Api", "src\Sample.MongoDb.Api\Sample.MongoDb.Api.csproj", "{B2C43F14-849E-45B7-AA30-94F8C31F0852}"
EndProject
Global
	GlobalSection(SolutionConfigurationPlatforms) = preSolution
		Debug|Any CPU = Debug|Any CPU
		Release|Any CPU = Release|Any CPU
	EndGlobalSection
	GlobalSection(ProjectConfigurationPlatforms) = postSolution
		{B2C43F14-849E-45B7-AA30-94F8C31F0852}.Debug|Any CPU.ActiveCfg = Debug|Any CPU
		{B2C43F14-849E-45B7-AA30-94F8C31F0852}.Debug|Any CPU.Build.0 = Debug|Any CPU
		{B2C43F14-849E-45B7-AA30-94F8C31F0852}.Release|Any CPU.ActiveCfg = Release|Any CPU
		{B2C43F14-849E-45B7-AA30-94F8C31F0852}.Release|Any CPU.Build.0 = Release|Any CPU
	EndGlobalSection
	GlobalSection(SolutionProperties) = preSolution
		HideSolutionNode = FALSE
	EndGlobalSection
	GlobalSection(NestedProjects) = preSolution
		{B2C43F14-849E-45B7-AA30-94F8C31F0852} = {CEA4A68C-174E-4325-A947-9E264D48C32A}
	EndGlobalSection
	GlobalSection(ExtensibilityGlobals) = postSolution
		SolutionGuid = {5610B5A0-004A-4504-9303-0733758039B1}
	EndGlobalSection
EndGlobal
