
Microsoft Visual Studio Solution File, Format Version 12.00
# Visual Studio Version 17
VisualStudioVersion = 17.8.34309.116
MinimumVisualStudioVersion = 10.0.40219.1
Project("{FAE04EC0-301F-11D3-BF4B-00C04F79EFBC}") = "Sample.MongoDb.Api", "Sample.MongoDb.Api.csproj", "{D5F34CFC-5851-4459-806A-2F23BA7A50C2}"
EndProject
Global
	GlobalSection(SolutionConfigurationPlatforms) = preSolution
		Debug|Any CPU = Debug|Any CPU
		Release|Any CPU = Release|Any CPU
	EndGlobalSection
	GlobalSection(ProjectConfigurationPlatforms) = postSolution
		{D5F34CFC-5851-4459-806A-2F23BA7A50C2}.Debug|Any CPU.ActiveCfg = Debug|Any CPU
		{D5F34CFC-5851-4459-806A-2F23BA7A50C2}.Debug|Any CPU.Build.0 = Debug|Any CPU
		{D5F34CFC-5851-4459-806A-2F23BA7A50C2}.Release|Any CPU.ActiveCfg = Release|Any CPU
		{D5F34CFC-5851-4459-806A-2F23BA7A50C2}.Release|Any CPU.Build.0 = Release|Any CPU
	EndGlobalSection
	GlobalSection(SolutionProperties) = preSolution
		HideSolutionNode = FALSE
	EndGlobalSection
	GlobalSection(ExtensibilityGlobals) = postSolution
		SolutionGuid = {BBA04811-135F-4AFC-8CC7-706A62698725}
	EndGlobalSection
EndGlobal
